name: Generate Package Lock

on:
  push:
    branches:
      - build/reproducibility-p2-615
  workflow_dispatch:

permissions:
  contents: read

jobs:
  lockfile:
    runs-on: ubuntu-latest
    steps:
      - uses: actions/checkout@v4
      - uses: actions/setup-node@v4
        with:
          node-version: '20'
      - name: Pin npm
        run: npm install --global npm@10.8.2
      - name: Generate lockfile
        run: npm install --package-lock-only --ignore-scripts
      - name: Evidence
        run: |
          node --version
          npm --version
          sha256sum package-lock.json
      - uses: actions/upload-artifact@v4
        with:
          name: canonical-package-lock
          path: package-lock.json
          if-no-files-found: error
          retention-days: 1
